// !$*UTF8*$!
{
	archiveVersion = 1;
	classes = {
	};
	objectVersion = 46;
	objects = {

/* Begin PBXBuildFile section */
		4A52C85A1F7B49C0005BB146 /* AppDelegate.swift in Sources */ = {isa = PBXBuildFile; fileRef = 4A52C8591F7B49C0005BB146 /* AppDelegate.swift */; };
		4A52C85C1F7B49C0005BB146 /* ViewController.swift in Sources */ = {isa = PBXBuildFile; fileRef = 4A52C85B1F7B49C0005BB146 /* ViewController.swift */; };
		4A52C85F1F7B49C0005BB146 /* Main.storyboard in Resources */ = {isa = PBXBuildFile; fileRef = 4A52C85D1F7B49C0005BB146 /* Main.storyboard */; };
		4A52C8621F7B49C0005BB146 /* TripTracker.xcdatamodeld in Sources */ = {isa = PBXBuildFile; fileRef = 4A52C8601F7B49C0005BB146 /* TripTracker.xcdatamodeld */; };
		4A52C8641F7B49C0005BB146 /* Assets.xcassets in Resources */ = {isa = PBXBuildFile; fileRef = 4A52C8631F7B49C0005BB146 /* Assets.xcassets */; };
		4A52C8671F7B49C0005BB146 /* LaunchScreen.storyboard in Resources */ = {isa = PBXBuildFile; fileRef = 4A52C8651F7B49C0005BB146 /* LaunchScreen.storyboard */; };
		4A52C8721F7B49C0005BB146 /* TripTrackerTests.swift in Sources */ = {isa = PBXBuildFile; fileRef = 4A52C8711F7B49C0005BB146 /* TripTrackerTests.swift */; };
		4A52C87D1F7B49C0005BB146 /* TripTrackerUITests.swift in Sources */ = {isa = PBXBuildFile; fileRef = 4A52C87C1F7B49C0005BB146 /* TripTrackerUITests.swift */; };
/* End PBXBuildFile section */

/* Begin PBXContainerItemProxy section */
		4A52C86E1F7B49C0005BB146 /* PBXContainerItemProxy */ = {
			isa = PBXContainerItemProxy;
			containerPortal = 4A52C84E1F7B49C0005BB146 /* Project object */;
			proxyType = 1;
			remoteGlobalIDString = 4A52C8551F7B49C0005BB146;
			remoteInfo = TripTracker;
		};
		4A52C8791F7B49C0005BB146 /* PBXContainerItemProxy */ = {
			isa = PBXContainerItemProxy;
			containerPortal = 4A52C84E1F7B49C0005BB146 /* Project object */;
			proxyType = 1;
			remoteGlobalIDString = 4A52C8551F7B49C0005BB146;
			remoteInfo = TripTracker;
		};
/* End PBXContainerItemProxy section */

/* Begin PBXFileReference section */
		4A52C8561F7B49C0005BB146 /* TripTracker.app */ = {isa = PBXFileReference; explicitFileType = wrapper.application; includeInIndex = 0; path = TripTracker.app; sourceTree = BUILT_PRODUCTS_DIR; };
		4A52C8591F7B49C0005BB146 /* AppDelegate.swift */ = {isa = PBXFileReference; lastKnownFileType = sourcecode.swift; path = AppDelegate.swift; sourceTree = "<group>"; };
		4A52C85B1F7B49C0005BB146 /* ViewController.swift */ = {isa = PBXFileReference; lastKnownFileType = sourcecode.swift; path = ViewController.swift; sourceTree = "<group>"; };
		4A52C85E1F7B49C0005BB146 /* Base */ = {isa = PBXFileReference; lastKnownFileType = file.storyboard; name = Base; path = Base.lproj/Main.storyboard; sourceTree = "<group>"; };
		4A52C8611F7B49C0005BB146 /* TripTracker.xcdatamodel */ = {isa = PBXFileReference; lastKnownFileType = wrapper.xcdatamodel; path = TripTracker.xcdatamodel; sourceTree = "<group>"; };
		4A52C8631F7B49C0005BB146 /* Assets.xcassets */ = {isa = PBXFileReference; lastKnownFileType = folder.assetcatalog; path = Assets.xcassets; sourceTree = "<group>"; };
		4A52C8661F7B49C0005BB146 /* Base */ = {isa = PBXFileReference; lastKnownFileType = file.storyboard; name = Base; path = Base.lproj/LaunchScreen.storyboard; sourceTree = "<group>"; };
		4A52C8681F7B49C0005BB146 /* Info.plist */ = {isa = PBXFileReference; lastKnownFileType = text.plist.xml; path = Info.plist; sourceTree = "<group>"; };
		4A52C86D1F7B49C0005BB146 /* TripTrackerTests.xctest */ = {isa = PBXFileReference; explicitFileType = wrapper.cfbundle; includeInIndex = 0; path = TripTrackerTests.xctest; sourceTree = BUILT_PRODUCTS_DIR; };
		4A52C8711F7B49C0005BB146 /* TripTrackerTests.swift */ = {isa = PBXFileReference; lastKnownFileType = sourcecode.swift; path = TripTrackerTests.swift; sourceTree = "<group>"; };
		4A52C8731F7B49C0005BB146 /* Info.plist */ = {isa = PBXFileReference; lastKnownFileType = text.plist.xml; path = Info.plist; sourceTree = "<group>"; };
		4A52C8781F7B49C0005BB146 /* TripTrackerUITests.xctest */ = {isa = PBXFileReference; explicitFileType = wrapper.cfbundle; includeInIndex = 0; path = TripTrackerUITests.xctest; sourceTree = BUILT_PRODUCTS_DIR; };
		4A52C87C1F7B49C0005BB146 /* TripTrackerUITests.swift */ = {isa = PBXFileReference; lastKnownFileType = sourcecode.swift; path = TripTrackerUITests.swift; sourceTree = "<group>"; };
		4A52C87E1F7B49C0005BB146 /* Info.plist */ = {isa = PBXFileReference; lastKnownFileType = text.plist.xml; path = Info.plist; sourceTree = "<group>"; };
/* End PBXFileReference section */

/* Begin PBXFrameworksBuildPhase section */
		4A52C8531F7B49C0005BB146 /* Frameworks */ = {
			isa = PBXFrameworksBuildPhase;
			buildActionMask = 2147483647;
			files = (
			);
			runOnlyForDeploymentPostprocessing = 0;
		};
		4A52C86A1F7B49C0005BB146 /* Frameworks */ = {
			isa = PBXFrameworksBuildPhase;
			buildActionMask = 2147483647;
			files = (
			);
			runOnlyForDeploymentPostprocessing = 0;
		};
		4A52C8751F7B49C0005BB146 /* Frameworks */ = {
			isa = PBXFrameworksBuildPhase;
			buildActionMask = 2147483647;
			files = (
			);
			runOnlyForDeploymentPostprocessing = 0;
		};
/* End PBXFrameworksBuildPhase section */

/* Begin PBXGroup section */
		4A52C84D1F7B49C0005BB146 = {
			isa = PBXGroup;
			children = (
				4A52C8581F7B49C0005BB146 /* TripTracker */,
				4A52C8701F7B49C0005BB146 /* TripTrackerTests */,
				4A52C87B1F7B49C0005BB146 /* TripTrackerUITests */,
				4A52C8571F7B49C0005BB146 /* Products */,
			);
			sourceTree = "<group>";
		};
		4A52C8571F7B49C0005BB146 /* Products */ = {
			isa = PBXGroup;
			children = (
				4A52C8561F7B49C0005BB146 /* TripTracker.app */,
				4A52C86D1F7B49C0005BB146 /* TripTrackerTests.xctest */,
				4A52C8781F7B49C0005BB146 /* TripTrackerUITests.xctest */,
			);
			name = Products;
			sourceTree = "<group>";
		};
		4A52C8581F7B49C0005BB146 /* TripTracker */ = {
			isa = PBXGroup;
			children = (
				4A52C8591F7B49C0005BB146 /* AppDelegate.swift */,
				4A52C85B1F7B49C0005BB146 /* ViewController.swift */,
				4A52C85D1F7B49C0005BB146 /* Main.storyboard */,
				4A52C8631F7B49C0005BB146 /* Assets.xcassets */,
				4A52C8651F7B49C0005BB146 /* LaunchScreen.storyboard */,
				4A52C8681F7B49C0005BB146 /* Info.plist */,
				4A52C8601F7B49C0005BB146 /* TripTracker.xcdatamodeld */,
			);
			path = TripTracker;
			sourceTree = "<group>";
		};
		4A52C8701F7B49C0005BB146 /* TripTrackerTests */ = {
			isa = PBXGroup;
			children = (
				4A52C8711F7B49C0005BB146 /* TripTrackerTests.swift */,
				4A52C8731F7B49C0005BB146 /* Info.plist */,
			);
			path = TripTrackerTests;
			sourceTree = "<group>";
		};
		4A52C87B1F7B49C0005BB146 /* TripTrackerUITests */ = {
			isa = PBXGroup;
			children = (
				4A52C87C1F7B49C0005BB146 /* TripTrackerUITests.swift */,
				4A52C87E1F7B49C0005BB146 /* Info.plist */,
			);
			path = TripTrackerUITests;
			sourceTree = "<group>";
		};
/* End PBXGroup section */

/* Begin PBXNativeTarget section */
		4A52C8551F7B49C0005BB146 /* TripTracker */ = {
			isa = PBXNativeTarget;
			buildConfigurationList = 4A52C8811F7B49C0005BB146 /* Build configuration list for PBXNativeTarget "TripTracker" */;
			buildPhases = (
				4A52C8521F7B49C0005BB146 /* Sources */,
				4A52C8531F7B49C0005BB146 /* Frameworks */,
				4A52C8541F7B49C0005BB146 /* Resources */,
			);
			buildRules = (
			);
			dependencies = (
			);
			name = TripTracker;
			productName = TripTracker;
			productReference = 4A52C8561F7B49C0005BB146 /* TripTracker.app */;
			productType = "com.apple.product-type.application";
		};
		4A52C86C1F7B49C0005BB146 /* TripTrackerTests */ = {
			isa = PBXNativeTarget;
			buildConfigurationList = 4A52C8841F7B49C0005BB146 /* Build configuration list for PBXNativeTarget "TripTrackerTests" */;
			buildPhases = (
				4A52C8691F7B49C0005BB146 /* Sources */,
				4A52C86A1F7B49C0005BB146 /* Frameworks */,
				4A52C86B1F7B49C0005BB146 /* Resources */,
			);
			buildRules = (
			);
			dependencies = (
				4A52C86F1F7B49C0005BB146 /* PBXTargetDependency */,
			);
			name = TripTrackerTests;
			productName = TripTrackerTests;
			productReference = 4A52C86D1F7B49C0005BB146 /* TripTrackerTests.xctest */;
			productType = "com.apple.product-type.bundle.unit-test";
		};
		4A52C8771F7B49C0005BB146 /* TripTrackerUITests */ = {
			isa = PBXNativeTarget;
			buildConfigurationList = 4A52C8871F7B49C0005BB146 /* Build configuration list for PBXNativeTarget "TripTrackerUITests" */;
			buildPhases = (
				4A52C8741F7B49C0005BB146 /* Sources */,
				4A52C8751F7B49C0005BB146 /* Frameworks */,
				4A52C8761F7B49C0005BB146 /* Resources */,
			);
			buildRules = (
			);
			dependencies = (
				4A52C87A1F7B49C0005BB146 /* PBXTargetDependency */,
			);
			name = TripTrackerUITests;
			productName = TripTrackerUITests;
			productReference = 4A52C8781F7B49C0005BB146 /* TripTrackerUITests.xctest */;
			productType = "com.apple.product-type.bundle.ui-testing";
		};
/* End PBXNativeTarget section */

/* Begin PBXProject section */
		4A52C84E1F7B49C0005BB146 /* Project object */ = {
			isa = PBXProject;
			attributes = {
				LastSwiftUpdateCheck = 0830;
				LastUpgradeCheck = 0830;
				ORGANIZATIONNAME = PYC;
				TargetAttributes = {
					4A52C8551F7B49C0005BB146 = {
						CreatedOnToolsVersion = 8.3.3;
						DevelopmentTeam = NPJ62NV4KT;
						ProvisioningStyle = Automatic;
					};
					4A52C86C1F7B49C0005BB146 = {
						CreatedOnToolsVersion = 8.3.3;
						DevelopmentTeam = NPJ62NV4KT;
						ProvisioningStyle = Automatic;
						TestTargetID = 4A52C8551F7B49C0005BB146;
					};
					4A52C8771F7B49C0005BB146 = {
						CreatedOnToolsVersion = 8.3.3;
						DevelopmentTeam = NPJ62NV4KT;
						ProvisioningStyle = Automatic;
						TestTargetID = 4A52C8551F7B49C0005BB146;
					};
				};
			};
			buildConfigurationList = 4A52C8511F7B49C0005BB146 /* Build configuration list for PBXProject "TripTracker" */;
			compatibilityVersion = "Xcode 3.2";
			developmentRegion = English;
			hasScannedForEncodings = 0;
			knownRegions = (
				en,
				Base,
			);
			mainGroup = 4A52C84D1F7B49C0005BB146;
			productRefGroup = 4A52C8571F7B49C0005BB146 /* Products */;
			projectDirPath = "";
			projectRoot = "";
			targets = (
				4A52C8551F7B49C0005BB146 /* TripTracker */,
				4A52C86C1F7B49C0005BB146 /* TripTrackerTests */,
				4A52C8771F7B49C0005BB146 /* TripTrackerUITests */,
			);
		};
/* End PBXProject section */

/* Begin PBXResourcesBuildPhase section */
		4A52C8541F7B49C0005BB146 /* Resources */ = {
			isa = PBXResourcesBuildPhase;
			buildActionMask = 2147483647;
			files = (
				4A52C8671F7B49C0005BB146 /* LaunchScreen.storyboard in Resources */,
				4A52C8641F7B49C0005BB146 /* Assets.xcassets in Resources */,
				4A52C85F1F7B49C0005BB146 /* Main.storyboard in Resources */,
			);
			runOnlyForDeploymentPostprocessing = 0;
		};
		4A52C86B1F7B49C0005BB146 /* Resources */ = {
			isa = PBXResourcesBuildPhase;
			buildActionMask = 2147483647;
			files = (
			);
			runOnlyForDeploymentPostprocessing = 0;
		};
		4A52C8761F7B49C0005BB146 /* Resources */ = {
			isa = PBXResourcesBuildPhase;
			buildActionMask = 2147483647;
			files = (
			);
			runOnlyForDeploymentPostprocessing = 0;
		};
/* End PBXResourcesBuildPhase section */

/* Begin PBXSourcesBuildPhase section */
		4A52C8521F7B49C0005BB146 /* Sources */ = {
			isa = PBXSourcesBuildPhase;
			buildActionMask = 2147483647;
			files = (
				4A52C8621F7B49C0005BB146 /* TripTracker.xcdatamodeld in Sources */,
				4A52C85C1F7B49C0005BB146 /* ViewController.swift in Sources */,
				4A52C85A1F7B49C0005BB146 /* AppDelegate.swift in Sources */,
			);
			runOnlyForDeploymentPostprocessing = 0;
		};
		4A52C8691F7B49C0005BB146 /* Sources */ = {
			isa = PBXSourcesBuildPhase;
			buildActionMask = 2147483647;
			files = (
				4A52C8721F7B49C0005BB146 /* TripTrackerTests.swift in Sources */,
			);
			runOnlyForDeploymentPostprocessing = 0;
		};
		4A52C8741F7B49C0005BB146 /* Sources */ = {
			isa = PBXSourcesBuildPhase;
			buildActionMask = 2147483647;
			files = (
				4A52C87D1F7B49C0005BB146 /* TripTrackerUITests.swift in Sources */,
			);
			runOnlyForDeploymentPostprocessing = 0;
		};
/* End PBXSourcesBuildPhase section */

/* Begin PBXTargetDependency section */
		4A52C86F1F7B49C0005BB146 /* PBXTargetDependency */ = {
			isa = PBXTargetDependency;
			target = 4A52C8551F7B49C0005BB146 /* TripTracker */;
			targetProxy = 4A52C86E1F7B49C0005BB146 /* PBXContainerItemProxy */;
		};
		4A52C87A1F7B49C0005BB146 /* PBXTargetDependency */ = {
			isa = PBXTargetDependency;
			target = 4A52C8551F7B49C0005BB146 /* TripTracker */;
			targetProxy = 4A52C8791F7B49C0005BB146 /* PBXContainerItemProxy */;
		};
/* End PBXTargetDependency section */

/* Begin PBXVariantGroup section */
		4A52C85D1F7B49C0005BB146 /* Main.storyboard */ = {
			isa = PBXVariantGroup;
			children = (
				4A52C85E1F7B49C0005BB146 /* Base */,
			);
			name = Main.storyboard;
			sourceTree = "<group>";
		};
		4A52C8651F7B49C0005BB146 /* LaunchScreen.storyboard */ = {
			isa = PBXVariantGroup;
			children = (
				4A52C8661F7B49C0005BB146 /* Base */,
			);
			name = LaunchScreen.storyboard;
			sourceTree = "<group>";
		};
/* End PBXVariantGroup section */

/* Begin XCBuildConfiguration section */
		4A52C87F1F7B49C0005BB146 /* Debug */ = {
			isa = XCBuildConfiguration;
			buildSettings = {
				ALWAYS_SEARCH_USER_PATHS = NO;
				CLANG_ANALYZER_NONNULL = YES;
				CLANG_ANALYZER_NUMBER_OBJECT_CONVERSION = YES_AGGRESSIVE;
				CLANG_CXX_LANGUAGE_STANDARD = "gnu++0x";
				CLANG_CXX_LIBRARY = "libc++";
				CLANG_ENABLE_MODULES = YES;
				CLANG_ENABLE_OBJC_ARC = YES;
				CLANG_WARN_BOOL_CONVERSION = YES;
				CLANG_WARN_CONSTANT_CONVERSION = YES;
				CLANG_WARN_DIRECT_OBJC_ISA_USAGE = YES_ERROR;
				CLANG_WARN_DOCUMENTATION_COMMENTS = YES;
				CLANG_WARN_EMPTY_BODY = YES;
				CLANG_WARN_ENUM_CONVERSION = YES;
				CLANG_WARN_INFINITE_RECURSION = YES;
				CLANG_WARN_INT_CONVERSION = YES;
				CLANG_WARN_OBJC_ROOT_CLASS = YES_ERROR;
				CLANG_WARN_SUSPICIOUS_MOVE = YES;
				CLANG_WARN_UNREACHABLE_CODE = YES;
				CLANG_WARN__DUPLICATE_METHOD_MATCH = YES;
				"CODE_SIGN_IDENTITY[sdk=iphoneos*]" = "iPhone Developer";
				COPY_PHASE_STRIP = NO;
				DEBUG_INFORMATION_FORMAT = dwarf;
				ENABLE_STRICT_OBJC_MSGSEND = YES;
				ENABLE_TESTABILITY = YES;
				GCC_C_LANGUAGE_STANDARD = gnu99;
				GCC_DYNAMIC_NO_PIC = NO;
				GCC_NO_COMMON_BLOCKS = YES;
				GCC_OPTIMIZATION_LEVEL = 0;
				GCC_PREPROCESSOR_DEFINITIONS = (
					"DEBUG=1",
					"$(inherited)",
				);
				GCC_WARN_64_TO_32_BIT_CONVERSION = YES;
				GCC_WARN_ABOUT_RETURN_TYPE = YES_ERROR;
				GCC_WARN_UNDECLARED_SELECTOR = YES;
				GCC_WARN_UNINITIALIZED_AUTOS = YES_AGGRESSIVE;
				GCC_WARN_UNUSED_FUNCTION = YES;
				GCC_WARN_UNUSED_VARIABLE = YES;
				IPHONEOS_DEPLOYMENT_TARGET = 10.3;
				MTL_ENABLE_DEBUG_INFO = YES;
				ONLY_ACTIVE_ARCH = YES;
				SDKROOT = iphoneos;
				SWIFT_ACTIVE_COMPILATION_CONDITIONS = DEBUG;
				SWIFT_OPTIMIZATION_LEVEL = "-Onone";
				TARGETED_DEVICE_FAMILY = "1,2";
			};
			name = Debug;
		};
		4A52C8801F7B49C0005BB146 /* Release */ = {
			isa = XCBuildConfiguration;
			buildSettings = {
				ALWAYS_SEARCH_USER_PATHS = NO;
				CLANG_ANALYZER_NONNULL = YES;
				CLANG_ANALYZER_NUMBER_OBJECT_CONVERSION = YES_AGGRESSIVE;
				CLANG_CXX_LANGUAGE_STANDARD = "gnu++0x";
				CLANG_CXX_LIBRARY = "libc++";
				CLANG_ENABLE_MODULES = YES;
				CLANG_ENABLE_OBJC_ARC = YES;
				CLANG_WARN_BOOL_CONVERSION = YES;
				CLANG_WARN_CONSTANT_CONVERSION = YES;
				CLANG_WARN_DIRECT_OBJC_ISA_USAGE = YES_ERROR;
				CLANG_WARN_DOCUMENTATION_COMMENTS = YES;
				CLANG_WARN_EMPTY_BODY = YES;
				CLANG_WARN_ENUM_CONVERSION = YES;
				CLANG_WARN_INFINITE_RECURSION = YES;
				CLANG_WARN_INT_CONVERSION = YES;
				CLANG_WARN_OBJC_ROOT_CLASS = YES_ERROR;
				CLANG_WARN_SUSPICIOUS_MOVE = YES;
				CLANG_WARN_UNREACHABLE_CODE = YES;
				CLANG_WARN__DUPLICATE_METHOD_MATCH = YES;
				"CODE_SIGN_IDENTITY[sdk=iphoneos*]" = "iPhone Developer";
				COPY_PHASE_STRIP = NO;
				DEBUG_INFORMATION_FORMAT = "dwarf-with-dsym";
				ENABLE_NS_ASSERTIONS = NO;
				ENABLE_STRICT_OBJC_MSGSEND = YES;
				GCC_C_LANGUAGE_STANDARD = gnu99;
				GCC_NO_COMMON_BLOCKS = YES;
				GCC_WARN_64_TO_32_BIT_CONVERSION = YES;
				GCC_WARN_ABOUT_RETURN_TYPE = YES_ERROR;
				GCC_WARN_UNDECLARED_SELECTOR = YES;
				GCC_WARN_UNINITIALIZED_AUTOS = YES_AGGRESSIVE;
				GCC_WARN_UNUSED_FUNCTION = YES;
				GCC_WARN_UNUSED_VARIABLE = YES;
				IPHONEOS_DEPLOYMENT_TARGET = 10.3;
				MTL_ENABLE_DEBUG_INFO = NO;
				SDKROOT = iphoneos;
				SWIFT_OPTIMIZATION_LEVEL = "-Owholemodule";
				TARGETED_DEVICE_FAMILY = "1,2";
				VALIDATE_PRODUCT = YES;
			};
			name = Release;
		};
		4A52C8821F7B49C0005BB146 /* Debug */ = {
			isa = XCBuildConfiguration;
			buildSettings = {
				ASSETCATALOG_COMPILER_APPICON_NAME = AppIcon;
				DEVELOPMENT_TEAM = NPJ62NV4KT;
				INFOPLIST_FILE = TripTracker/Info.plist;
				LD_RUNPATH_SEARCH_PATHS = "$(inherited) @executable_path/Frameworks";
				PRODUCT_BUNDLE_IDENTIFIER = com.mylab.pc.TripTracker;
				PRODUCT_NAME = "$(TARGET_NAME)";
				SWIFT_VERSION = 3.0;
			};
			name = Debug;
		};
		4A52C8831F7B49C0005BB146 /* Release */ = {
			isa = XCBuildConfiguration;
			buildSettings = {
				ASSETCATALOG_COMPILER_APPICON_NAME = AppIcon;
				DEVELOPMENT_TEAM = NPJ62NV4KT;
				INFOPLIST_FILE = TripTracker/Info.plist;
				LD_RUNPATH_SEARCH_PATHS = "$(inherited) @executable_path/Frameworks";
				PRODUCT_BUNDLE_IDENTIFIER = com.mylab.pc.TripTracker;
				PRODUCT_NAME = "$(TARGET_NAME)";
				SWIFT_VERSION = 3.0;
			};
			name = Release;
		};
		4A52C8851F7B49C0005BB146 /* Debug */ = {
			isa = XCBuildConfiguration;
			buildSettings = {
				ALWAYS_EMBED_SWIFT_STANDARD_LIBRARIES = YES;
				BUNDLE_LOADER = "$(TEST_HOST)";
				DEVELOPMENT_TEAM = NPJ62NV4KT;
				INFOPLIST_FILE = TripTrackerTests/Info.plist;
				LD_RUNPATH_SEARCH_PATHS = "$(inherited) @executable_path/Frameworks @loader_path/Frameworks";
				PRODUCT_BUNDLE_IDENTIFIER = com.mylab.pc.TripTrackerTests;
				PRODUCT_NAME = "$(TARGET_NAME)";
				SWIFT_VERSION = 3.0;
				TEST_HOST = "$(BUILT_PRODUCTS_DIR)/TripTracker.app/TripTracker";
			};
			name = Debug;
		};
		4A52C8861F7B49C0005BB146 /* Release */ = {
			isa = XCBuildConfiguration;
			buildSettings = {
				ALWAYS_EMBED_SWIFT_STANDARD_LIBRARIES = YES;
				BUNDLE_LOADER = "$(TEST_HOST)";
				DEVELOPMENT_TEAM = NPJ62NV4KT;
				INFOPLIST_FILE = TripTrackerTests/Info.plist;
				LD_RUNPATH_SEARCH_PATHS = "$(inherited) @executable_path/Frameworks @loader_path/Frameworks";
				PRODUCT_BUNDLE_IDENTIFIER = com.mylab.pc.TripTrackerTests;
				PRODUCT_NAME = "$(TARGET_NAME)";
				SWIFT_VERSION = 3.0;
				TEST_HOST = "$(BUILT_PRODUCTS_DIR)/TripTracker.app/TripTracker";
			};
			name = Release;
		};
		4A52C8881F7B49C0005BB146 /* Debug */ = {
			isa = XCBuildConfiguration;
			buildSettings = {
				ALWAYS_EMBED_SWIFT_STANDARD_LIBRARIES = YES;
				DEVELOPMENT_TEAM = NPJ62NV4KT;
				INFOPLIST_FILE = TripTrackerUITests/Info.plist;
				LD_RUNPATH_SEARCH_PATHS = "$(inherited) @executable_path/Frameworks @loader_path/Frameworks";
				PRODUCT_BUNDLE_IDENTIFIER = com.mylab.pc.TripTrackerUITests;
				PRODUCT_NAME = "$(TARGET_NAME)";
				SWIFT_VERSION = 3.0;
				TEST_TARGET_NAME = TripTracker;
			};
			name = Debug;
		};
		4A52C8891F7B49C0005BB146 /* Release */ = {
			isa = XCBuildConfiguration;
			buildSettings = {
				ALWAYS_EMBED_SWIFT_STANDARD_LIBRARIES = YES;
				DEVELOPMENT_TEAM = NPJ62NV4KT;
				INFOPLIST_FILE = TripTrackerUITests/Info.plist;
				LD_RUNPATH_SEARCH_PATHS = "$(inherited) @executable_path/Frameworks @loader_path/Frameworks";
				PRODUCT_BUNDLE_IDENTIFIER = com.mylab.pc.TripTrackerUITests;
				PRODUCT_NAME = "$(TARGET_NAME)";
				SWIFT_VERSION = 3.0;
				TEST_TARGET_NAME = TripTracker;
			};
			name = Release;
		};
/* End XCBuildConfiguration section */

/* Begin XCConfigurationList section */
		4A52C8511F7B49C0005BB146 /* Build configuration list for PBXProject "TripTracker" */ = {
			isa = XCConfigurationList;
			buildConfigurations = (
				4A52C87F1F7B49C0005BB146 /* Debug */,
				4A52C8801F7B49C0005BB146 /* Release */,
			);
			defaultConfigurationIsVisible = 0;
			defaultConfigurationName = Release;
		};
		4A52C8811F7B49C0005BB146 /* Build configuration list for PBXNativeTarget "TripTracker" */ = {
			isa = XCConfigurationList;
			buildConfigurations = (
				4A52C8821F7B49C0005BB146 /* Debug */,
				4A52C8831F7B49C0005BB146 /* Release */,
			);
			defaultConfigurationIsVisible = 0;
		};
		4A52C8841F7B49C0005BB146 /* Build configuration list for PBXNativeTarget "TripTrackerTests" */ = {
			isa = XCConfigurationList;
			buildConfigurations = (
				4A52C8851F7B49C0005BB146 /* Debug */,
				4A52C8861F7B49C0005BB146 /* Release */,
			);
			defaultConfigurationIsVisible = 0;
		};
		4A52C8871F7B49C0005BB146 /* Build configuration list for PBXNativeTarget "TripTrackerUITests" */ = {
			isa = XCConfigurationList;
			buildConfigurations = (
				4A52C8881F7B49C0005BB146 /* Debug */,
				4A52C8891F7B49C0005BB146 /* Release */,
			);
			defaultConfigurationIsVisible = 0;
		};
/* End XCConfigurationList section */

/* Begin XCVersionGroup section */
		4A52C8601F7B49C0005BB146 /* TripTracker.xcdatamodeld */ = {
			isa = XCVersionGroup;
			children = (
				4A52C8611F7B49C0005BB146 /* TripTracker.xcdatamodel */,
			);
			currentVersion = 4A52C8611F7B49C0005BB146 /* TripTracker.xcdatamodel */;
			path = TripTracker.xcdatamodeld;
			sourceTree = "<group>";
			versionGroupType = wrapper.xcdatamodel;
		};
/* End XCVersionGroup section */
	};
	rootObject = 4A52C84E1F7B49C0005BB146 /* Project object */;
}
